// !$*UTF8*$!
{
	archiveVersion = 1;
	classes = {
	};
	objectVersion = 50;
	objects = {

/* Begin PBXBuildFile section */
		920603A5231A0C6E00450C33 /* lakers.png in Resources */ = {isa = PBXBuildFile; fileRef = 920603A4231A0C6E00450C33 /* lakers.png */; };
		920603A8231A0CC000450C33 /* CircleImage.swift in Sources */ = {isa = PBXBuildFile; fileRef = 920603A7231A0CC000450C33 /* CircleImage.swift */; };
		920603AA231A0E4400450C33 /* ArenaAddressView.swift in Sources */ = {isa = PBXBuildFile; fileRef = 920603A9231A0E4400450C33 /* ArenaAddressView.swift */; };
		9232A81723198E9000411EAB /* AppDelegate.swift in Sources */ = {isa = PBXBuildFile; fileRef = 9232A81623198E9000411EAB /* AppDelegate.swift */; };
		9232A81923198E9000411EAB /* SceneDelegate.swift in Sources */ = {isa = PBXBuildFile; fileRef = 9232A81823198E9000411EAB /* SceneDelegate.swift */; };
		9232A81B23198E9000411EAB /* ContentView.swift in Sources */ = {isa = PBXBuildFile; fileRef = 9232A81A23198E9000411EAB /* ContentView.swift */; };
		9232A81D23198E9300411EAB /* Assets.xcassets in Resources */ = {isa = PBXBuildFile; fileRef = 9232A81C23198E9300411EAB /* Assets.xcassets */; };
		9232A82023198E9300411EAB /* Preview Assets.xcassets in Resources */ = {isa = PBXBuildFile; fileRef = 9232A81F23198E9300411EAB /* Preview Assets.xcassets */; };
		9232A82323198E9300411EAB /* LaunchScreen.storyboard in Resources */ = {isa = PBXBuildFile; fileRef = 9232A82123198E9300411EAB /* LaunchScreen.storyboard */; };
/* End PBXBuildFile section */

/* Begin PBXFileReference section */
		920603A4231A0C6E00450C33 /* lakers.png */ = {isa = PBXFileReference; lastKnownFileType = image.png; path = lakers.png; sourceTree = "<group>"; };
		920603A7231A0CC000450C33 /* CircleImage.swift */ = {isa = PBXFileReference; lastKnownFileType = sourcecode.swift; path = CircleImage.swift; sourceTree = "<group>"; };
		920603A9231A0E4400450C33 /* ArenaAddressView.swift */ = {isa = PBXFileReference; lastKnownFileType = sourcecode.swift; path = ArenaAddressView.swift; sourceTree = "<group>"; };
		9232A81323198E9000411EAB /* SwiftUILakers.app */ = {isa = PBXFileReference; explicitFileType = wrapper.application; includeInIndex = 0; path = SwiftUILakers.app; sourceTree = BUILT_PRODUCTS_DIR; };
		9232A81623198E9000411EAB /* AppDelegate.swift */ = {isa = PBXFileReference; lastKnownFileType = sourcecode.swift; path = AppDelegate.swift; sourceTree = "<group>"; };
		9232A81823198E9000411EAB /* SceneDelegate.swift */ = {isa = PBXFileReference; lastKnownFileType = sourcecode.swift; path = SceneDelegate.swift; sourceTree = "<group>"; };
		9232A81A23198E9000411EAB /* ContentView.swift */ = {isa = PBXFileReference; lastKnownFileType = sourcecode.swift; path = ContentView.swift; sourceTree = "<group>"; };
		9232A81C23198E9300411EAB /* Assets.xcassets */ = {isa = PBXFileReference; lastKnownFileType = folder.assetcatalog; path = Assets.xcassets; sourceTree = "<group>"; };
		9232A81F23198E9300411EAB /* Preview Assets.xcassets */ = {isa = PBXFileReference; lastKnownFileType = folder.assetcatalog; path = "Preview Assets.xcassets"; sourceTree = "<group>"; };
		9232A82223198E9300411EAB /* Base */ = {isa = PBXFileReference; lastKnownFileType = file.storyboard; name = Base; path = Base.lproj/LaunchScreen.storyboard; sourceTree = "<group>"; };
		9232A82423198E9300411EAB /* Info.plist */ = {isa = PBXFileReference; lastKnownFileType = text.plist.xml; path = Info.plist; sourceTree = "<group>"; };
/* End PBXFileReference section */

/* Begin PBXFrameworksBuildPhase section */
		9232A81023198E9000411EAB /* Frameworks */ = {
			isa = PBXFrameworksBuildPhase;
			buildActionMask = 2147483647;
			files = (
			);
			runOnlyForDeploymentPostprocessing = 0;
		};
/* End PBXFrameworksBuildPhase section */

/* Begin PBXGroup section */
		920603A6231A0C8E00450C33 /* Resources */ = {
			isa = PBXGroup;
			children = (
				920603A4231A0C6E00450C33 /* lakers.png */,
			);
			path = Resources;
			sourceTree = "<group>";
		};
		9232A80A23198E9000411EAB = {
			isa = PBXGroup;
			children = (
				9232A81523198E9000411EAB /* SwiftUILakers */,
				9232A81423198E9000411EAB /* Products */,
			);
			sourceTree = "<group>";
		};
		9232A81423198E9000411EAB /* Products */ = {
			isa = PBXGroup;
			children = (
				9232A81323198E9000411EAB /* SwiftUILakers.app */,
			);
			name = Products;
			sourceTree = "<group>";
		};
		9232A81523198E9000411EAB /* SwiftUILakers */ = {
			isa = PBXGroup;
			children = (
				9232A81623198E9000411EAB /* AppDelegate.swift */,
				9232A81823198E9000411EAB /* SceneDelegate.swift */,
				9232A81A23198E9000411EAB /* ContentView.swift */,
				920603A7231A0CC000450C33 /* CircleImage.swift */,
				920603A9231A0E4400450C33 /* ArenaAddressView.swift */,
				9232A81C23198E9300411EAB /* Assets.xcassets */,
				920603A6231A0C8E00450C33 /* Resources */,
				9232A82123198E9300411EAB /* LaunchScreen.storyboard */,
				9232A82423198E9300411EAB /* Info.plist */,
				9232A81E23198E9300411EAB /* Preview Content */,
			);
			path = SwiftUILakers;
			sourceTree = "<group>";
		};
		9232A81E23198E9300411EAB /* Preview Content */ = {
			isa = PBXGroup;
			children = (
				9232A81F23198E9300411EAB /* Preview Assets.xcassets */,
			);
			path = "Preview Content";
			sourceTree = "<group>";
		};
/* End PBXGroup section */

/* Begin PBXNativeTarget section */
		9232A81223198E9000411EAB /* SwiftUILakers */ = {
			isa = PBXNativeTarget;
			buildConfigurationList = 9232A82723198E9300411EAB /* Build configuration list for PBXNativeTarget "SwiftUILakers" */;
			buildPhases = (
				9232A80F23198E9000411EAB /* Sources */,
				9232A81023198E9000411EAB /* Frameworks */,
				9232A81123198E9000411EAB /* Resources */,
			);
			buildRules = (
			);
			dependencies = (
			);
			name = SwiftUILakers;
			productName = SwiftUILakers;
			productReference = 9232A81323198E9000411EAB /* SwiftUILakers.app */;
			productType = "com.apple.product-type.application";
		};
/* End PBXNativeTarget section */

/* Begin PBXProject section */
		9232A80B23198E9000411EAB /* Project object */ = {
			isa = PBXProject;
			attributes = {
				LastSwiftUpdateCheck = 1100;
				LastUpgradeCheck = 1100;
				ORGANIZATIONNAME = "Sumit Joshi";
				TargetAttributes = {
					9232A81223198E9000411EAB = {
						CreatedOnToolsVersion = 11.0;
					};
				};
			};
			buildConfigurationList = 9232A80E23198E9000411EAB /* Build configuration list for PBXProject "SwiftUILakers" */;
			compatibilityVersion = "Xcode 9.3";
			developmentRegion = en;
			hasScannedForEncodings = 0;
			knownRegions = (
				en,
				Base,
			);
			mainGroup = 9232A80A23198E9000411EAB;
			productRefGroup = 9232A81423198E9000411EAB /* Products */;
			projectDirPath = "";
			projectRoot = "";
			targets = (
				9232A81223198E9000411EAB /* SwiftUILakers */,
			);
		};
/* End PBXProject section */

/* Begin PBXResourcesBuildPhase section */
		9232A81123198E9000411EAB /* Resources */ = {
			isa = PBXResourcesBuildPhase;
			buildActionMask = 2147483647;
			files = (
				9232A82323198E9300411EAB /* LaunchScreen.storyboard in Resources */,
				9232A82023198E9300411EAB /* Preview Assets.xcassets in Resources */,
				9232A81D23198E9300411EAB /* Assets.xcassets in Resources */,
				920603A5231A0C6E00450C33 /* lakers.png in Resources */,
			);
			runOnlyForDeploymentPostprocessing = 0;
		};
/* End PBXResourcesBuildPhase section */

/* Begin PBXSourcesBuildPhase section */
		9232A80F23198E9000411EAB /* Sources */ = {
			isa = PBXSourcesBuildPhase;
			buildActionMask = 2147483647;
			files = (
				9232A81723198E9000411EAB /* AppDelegate.swift in Sources */,
				920603A8231A0CC000450C33 /* CircleImage.swift in Sources */,
				9232A81923198E9000411EAB /* SceneDelegate.swift in Sources */,
				920603AA231A0E4400450C33 /* ArenaAddressView.swift in Sources */,
				9232A81B23198E9000411EAB /* ContentView.swift in Sources */,
			);
			runOnlyForDeploymentPostprocessing = 0;
		};
/* End PBXSourcesBuildPhase section */

/* Begin PBXVariantGroup section */
		9232A82123198E9300411EAB /* LaunchScreen.storyboard */ = {
			isa = PBXVariantGroup;
			children = (
				9232A82223198E9300411EAB /* Base */,
			);
			name = LaunchScreen.storyboard;
			sourceTree = "<group>";
		};
/* End PBXVariantGroup section */

/* Begin XCBuildConfiguration section */
		9232A82523198E9300411EAB /* Debug */ = {
			isa = XCBuildConfiguration;
			buildSettings = {
				ALWAYS_SEARCH_USER_PATHS = NO;
				CLANG_ANALYZER_NONNULL = YES;
				CLANG_ANALYZER_NUMBER_OBJECT_CONVERSION = YES_AGGRESSIVE;
				CLANG_CXX_LANGUAGE_STANDARD = "gnu++14";
				CLANG_CXX_LIBRARY = "libc++";
				CLANG_ENABLE_MODULES = YES;
				CLANG_ENABLE_OBJC_ARC = YES;
				CLANG_ENABLE_OBJC_WEAK = YES;
				CLANG_WARN_BLOCK_CAPTURE_AUTORELEASING = YES;
				CLANG_WARN_BOOL_CONVERSION = YES;
				CLANG_WARN_COMMA = YES;
				CLANG_WARN_CONSTANT_CONVERSION = YES;
				CLANG_WARN_DEPRECATED_OBJC_IMPLEMENTATIONS = YES;
				CLANG_WARN_DIRECT_OBJC_ISA_USAGE = YES_ERROR;
				CLANG_WARN_DOCUMENTATION_COMMENTS = YES;
				CLANG_WARN_EMPTY_BODY = YES;
				CLANG_WARN_ENUM_CONVERSION = YES;
				CLANG_WARN_INFINITE_RECURSION = YES;
				CLANG_WARN_INT_CONVERSION = YES;
				CLANG_WARN_NON_LITERAL_NULL_CONVERSION = YES;
				CLANG_WARN_OBJC_IMPLICIT_RETAIN_SELF = YES;
				CLANG_WARN_OBJC_LITERAL_CONVERSION = YES;
				CLANG_WARN_OBJC_ROOT_CLASS = YES_ERROR;
				CLANG_WARN_RANGE_LOOP_ANALYSIS = YES;
				CLANG_WARN_STRICT_PROTOTYPES = YES;
				CLANG_WARN_SUSPICIOUS_MOVE = YES;
				CLANG_WARN_UNGUARDED_AVAILABILITY = YES_AGGRESSIVE;
				CLANG_WARN_UNREACHABLE_CODE = YES;
				CLANG_WARN__DUPLICATE_METHOD_MATCH = YES;
				COPY_PHASE_STRIP = NO;
				DEBUG_INFORMATION_FORMAT = dwarf;
				ENABLE_STRICT_OBJC_MSGSEND = YES;
				ENABLE_TESTABILITY = YES;
				GCC_C_LANGUAGE_STANDARD = gnu11;
				GCC_DYNAMIC_NO_PIC = NO;
				GCC_NO_COMMON_BLOCKS = YES;
				GCC_OPTIMIZATION_LEVEL = 0;
				GCC_PREPROCESSOR_DEFINITIONS = (
					"DEBUG=1",
					"$(inherited)",
				);
				GCC_WARN_64_TO_32_BIT_CONVERSION = YES;
				GCC_WARN_ABOUT_RETURN_TYPE = YES_ERROR;
				GCC_WARN_UNDECLARED_SELECTOR = YES;
				GCC_WARN_UNINITIALIZED_AUTOS = YES_AGGRESSIVE;
				GCC_WARN_UNUSED_FUNCTION = YES;
				GCC_WARN_UNUSED_VARIABLE = YES;
				IPHONEOS_DEPLOYMENT_TARGET = 13.0;
				MTL_ENABLE_DEBUG_INFO = INCLUDE_SOURCE;
				MTL_FAST_MATH = YES;
				ONLY_ACTIVE_ARCH = YES;
				SDKROOT = iphoneos;
				SWIFT_ACTIVE_COMPILATION_CONDITIONS = DEBUG;
				SWIFT_OPTIMIZATION_LEVEL = "-Onone";
			};
			name = Debug;
		};
		9232A82623198E9300411EAB /* Release */ = {
			isa = XCBuildConfiguration;
			buildSettings = {
				ALWAYS_SEARCH_USER_PATHS = NO;
				CLANG_ANALYZER_NONNULL = YES;
				CLANG_ANALYZER_NUMBER_OBJECT_CONVERSION = YES_AGGRESSIVE;
				CLANG_CXX_LANGUAGE_STANDARD = "gnu++14";
				CLANG_CXX_LIBRARY = "libc++";
				CLANG_ENABLE_MODULES = YES;
				CLANG_ENABLE_OBJC_ARC = YES;
				CLANG_ENABLE_OBJC_WEAK = YES;
				CLANG_WARN_BLOCK_CAPTURE_AUTORELEASING = YES;
				CLANG_WARN_BOOL_CONVERSION = YES;
				CLANG_WARN_COMMA = YES;
				CLANG_WARN_CONSTANT_CONVERSION = YES;
				CLANG_WARN_DEPRECATED_OBJC_IMPLEMENTATIONS = YES;
				CLANG_WARN_DIRECT_OBJC_ISA_USAGE = YES_ERROR;
				CLANG_WARN_DOCUMENTATION_COMMENTS = YES;
				CLANG_WARN_EMPTY_BODY = YES;
				CLANG_WARN_ENUM_CONVERSION = YES;
				CLANG_WARN_INFINITE_RECURSION = YES;
				CLANG_WARN_INT_CONVERSION = YES;
				CLANG_WARN_NON_LITERAL_NULL_CONVERSION = YES;
				CLANG_WARN_OBJC_IMPLICIT_RETAIN_SELF = YES;
				CLANG_WARN_OBJC_LITERAL_CONVERSION = YES;
				CLANG_WARN_OBJC_ROOT_CLASS = YES_ERROR;
				CLANG_WARN_RANGE_LOOP_ANALYSIS = YES;
				CLANG_WARN_STRICT_PROTOTYPES = YES;
				CLANG_WARN_SUSPICIOUS_MOVE = YES;
				CLANG_WARN_UNGUARDED_AVAILABILITY = YES_AGGRESSIVE;
				CLANG_WARN_UNREACHABLE_CODE = YES;
				CLANG_WARN__DUPLICATE_METHOD_MATCH = YES;
				COPY_PHASE_STRIP = NO;
				DEBUG_INFORMATION_FORMAT = "dwarf-with-dsym";
				ENABLE_NS_ASSERTIONS = NO;
				ENABLE_STRICT_OBJC_MSGSEND = YES;
				GCC_C_LANGUAGE_STANDARD = gnu11;
				GCC_NO_COMMON_BLOCKS = YES;
				GCC_WARN_64_TO_32_BIT_CONVERSION = YES;
				GCC_WARN_ABOUT_RETURN_TYPE = YES_ERROR;
				GCC_WARN_UNDECLARED_SELECTOR = YES;
				GCC_WARN_UNINITIALIZED_AUTOS = YES_AGGRESSIVE;
				GCC_WARN_UNUSED_FUNCTION = YES;
				GCC_WARN_UNUSED_VARIABLE = YES;
				IPHONEOS_DEPLOYMENT_TARGET = 13.0;
				MTL_ENABLE_DEBUG_INFO = NO;
				MTL_FAST_MATH = YES;
				SDKROOT = iphoneos;
				SWIFT_COMPILATION_MODE = wholemodule;
				SWIFT_OPTIMIZATION_LEVEL = "-O";
				VALIDATE_PRODUCT = YES;
			};
			name = Release;
		};
		9232A82823198E9300411EAB /* Debug */ = {
			isa = XCBuildConfiguration;
			buildSettings = {
				ASSETCATALOG_COMPILER_APPICON_NAME = AppIcon;
				CODE_SIGN_STYLE = Automatic;
				DEVELOPMENT_ASSET_PATHS = "\"SwiftUILakers/Preview Content\"";
				DEVELOPMENT_TEAM = UU222H78J9;
				ENABLE_PREVIEWS = YES;
				INFOPLIST_FILE = SwiftUILakers/Info.plist;
				LD_RUNPATH_SEARCH_PATHS = (
					"$(inherited)",
					"@executable_path/Frameworks",
				);
				PRODUCT_BUNDLE_IDENTIFIER = com.soomet.SwiftUILakers;
				PRODUCT_NAME = "$(TARGET_NAME)";
				SWIFT_VERSION = 5.0;
				TARGETED_DEVICE_FAMILY = "1,2";
			};
			name = Debug;
		};
		9232A82923198E9300411EAB /* Release */ = {
			isa = XCBuildConfiguration;
			buildSettings = {
				ASSETCATALOG_COMPILER_APPICON_NAME = AppIcon;
				CODE_SIGN_STYLE = Automatic;
				DEVELOPMENT_ASSET_PATHS = "\"SwiftUILakers/Preview Content\"";
				DEVELOPMENT_TEAM = UU222H78J9;
				ENABLE_PREVIEWS = YES;
				INFOPLIST_FILE = SwiftUILakers/Info.plist;
				LD_RUNPATH_SEARCH_PATHS = (
					"$(inherited)",
					"@executable_path/Frameworks",
				);
				PRODUCT_BUNDLE_IDENTIFIER = com.soomet.SwiftUILakers;
				PRODUCT_NAME = "$(TARGET_NAME)";
				SWIFT_VERSION = 5.0;
				TARGETED_DEVICE_FAMILY = "1,2";
			};
			name = Release;
		};
/* End XCBuildConfiguration section */

/* Begin XCConfigurationList section */
		9232A80E23198E9000411EAB /* Build configuration list for PBXProject "SwiftUILakers" */ = {
			isa = XCConfigurationList;
			buildConfigurations = (
				9232A82523198E9300411EAB /* Debug */,
				9232A82623198E9300411EAB /* Release */,
			);
			defaultConfigurationIsVisible = 0;
			defaultConfigurationName = Release;
		};
		9232A82723198E9300411EAB /* Build configuration list for PBXNativeTarget "SwiftUILakers" */ = {
			isa = XCConfigurationList;
			buildConfigurations = (
				9232A82823198E9300411EAB /* Debug */,
				9232A82923198E9300411EAB /* Release */,
			);
			defaultConfigurationIsVisible = 0;
			defaultConfigurationName = Release;
		};
/* End XCConfigurationList section */
	};
	rootObject = 9232A80B23198E9000411EAB /* Project object */;
}
